// !$*UTF8*$!
{
	archiveVersion = 1;
	classes = {
	};
	objectVersion = 77;
	objects = {

/* Begin PBXBuildFile section */
		8E5A16822D6D8FAD00B10410 /* GoogleGenerativeAI in Frameworks */ = {isa = PBXBuildFile; productRef = 8E5A16812D6D8FAD00B10410 /* GoogleGenerativeAI */; };
		8EC1D9FC2DBF7A410089ED5A /* SDWebImage in Frameworks */ = {isa = PBXBuildFile; productRef = 8EC1D9FB2DBF7A410089ED5A /* SDWebImage */; };
		8EC1D9FE2DBF7A410089ED5A /* SDWebImageMapKit in Frameworks */ = {isa = PBXBuildFile; productRef = 8EC1D9FD2DBF7A410089ED5A /* SDWebImageMapKit */; };
		DBE902872D7602620083691A /* Auth in Frameworks */ = {isa = PBXBuildFile; productRef = DBE902862D7602620083691A /* Auth */; };
		DBE902892D7602620083691A /* Functions in Frameworks */ = {isa = PBXBuildFile; productRef = DBE902882D7602620083691A /* Functions */; };
		DBE9028B2D7602620083691A /* PostgREST in Frameworks */ = {isa = PBXBuildFile; productRef = DBE9028A2D7602620083691A /* PostgREST */; };
		DBE9028D2D7602620083691A /* Realtime in Frameworks */ = {isa = PBXBuildFile; productRef = DBE9028C2D7602620083691A /* Realtime */; };
		DBE9028F2D7602620083691A /* Storage in Frameworks */ = {isa = PBXBuildFile; productRef = DBE9028E2D7602620083691A /* Storage */; };
		DBE902922D7602750083691A /* Supabase in Frameworks */ = {isa = PBXBuildFile; productRef = DBE902912D7602750083691A /* Supabase */; };
/* End PBXBuildFile section */

/* Begin PBXFileReference section */
		8EB683392D311C110091572C /* GardenGuruXcode.app */ = {isa = PBXFileReference; explicitFileType = wrapper.application; includeInIndex = 0; path = GardenGuruXcode.app; sourceTree = BUILT_PRODUCTS_DIR; };
/* End PBXFileReference section */

/* Begin PBXFileSystemSynchronizedBuildFileExceptionSet section */
		8EB6834B2D311C120091572C /* Exceptions for "GardenGuruXcode" folder in "GardenGuruXcode" target */ = {
			isa = PBXFileSystemSynchronizedBuildFileExceptionSet;
			membershipExceptions = (
				Info.plist,
			);
			target = 8EB683382D311C110091572C /* GardenGuruXcode */;
		};
/* End PBXFileSystemSynchronizedBuildFileExceptionSet section */

/* Begin PBXFileSystemSynchronizedRootGroup section */
		8EB6833B2D311C110091572C /* GardenGuruXcode */ = {
			isa = PBXFileSystemSynchronizedRootGroup;
			exceptions = (
				8EB6834B2D311C120091572C /* Exceptions for "GardenGuruXcode" folder in "GardenGuruXcode" target */,
			);
			path = GardenGuruXcode;
			sourceTree = "<group>";
		};
/* End PBXFileSystemSynchronizedRootGroup section */

/* Begin PBXFrameworksBuildPhase section */
		8EB683362D311C110091572C /* Frameworks */ = {
			isa = PBXFrameworksBuildPhase;
			buildActionMask = 2147483647;
			files = (
				DBE902922D7602750083691A /* Supabase in Frameworks */,
				8EC1D9FE2DBF7A410089ED5A /* SDWebImageMapKit in Frameworks */,
				DBE9028F2D7602620083691A /* Storage in Frameworks */,
				8EC1D9FC2DBF7A410089ED5A /* SDWebImage in Frameworks */,
				DBE9028B2D7602620083691A /* PostgREST in Frameworks */,
				DBE902892D7602620083691A /* Functions in Frameworks */,
				DBE902872D7602620083691A /* Auth in Frameworks */,
				DBE9028D2D7602620083691A /* Realtime in Frameworks */,
				8E5A16822D6D8FAD00B10410 /* GoogleGenerativeAI in Frameworks */,
			);
			runOnlyForDeploymentPostprocessing = 0;
		};
/* End PBXFrameworksBuildPhase section */

/* Begin PBXGroup section */
		8EB683302D311C110091572C = {
			isa = PBXGroup;
			children = (
				8EB6833B2D311C110091572C /* GardenGuruXcode */,
				DBE902902D7602750083691A /* Frameworks */,
				8EB6833A2D311C110091572C /* Products */,
			);
			sourceTree = "<group>";
		};
		8EB6833A2D311C110091572C /* Products */ = {
			isa = PBXGroup;
			children = (
				8EB683392D311C110091572C /* GardenGuruXcode.app */,
			);
			name = Products;
			sourceTree = "<group>";
		};
		DBE902902D7602750083691A /* Frameworks */ = {
			isa = PBXGroup;
			children = (
			);
			name = Frameworks;
			sourceTree = "<group>";
		};
/* End PBXGroup section */

/* Begin PBXNativeTarget section */
		8EB683382D311C110091572C /* GardenGuruXcode */ = {
			isa = PBXNativeTarget;
			buildConfigurationList = 8EB6834C2D311C120091572C /* Build configuration list for PBXNativeTarget "GardenGuruXcode" */;
			buildPhases = (
				8EB683352D311C110091572C /* Sources */,
				8EB683362D311C110091572C /* Frameworks */,
				8EB683372D311C110091572C /* Resources */,
			);
			buildRules = (
			);
			dependencies = (
			);
			fileSystemSynchronizedGroups = (
				8EB6833B2D311C110091572C /* GardenGuruXcode */,
			);
			name = GardenGuruXcode;
			packageProductDependencies = (
				8E5A16812D6D8FAD00B10410 /* GoogleGenerativeAI */,
				DBE902862D7602620083691A /* Auth */,
				DBE902882D7602620083691A /* Functions */,
				DBE9028A2D7602620083691A /* PostgREST */,
				DBE9028C2D7602620083691A /* Realtime */,
				DBE9028E2D7602620083691A /* Storage */,
				DBE902912D7602750083691A /* Supabase */,
				8EC1D9FB2DBF7A410089ED5A /* SDWebImage */,
				8EC1D9FD2DBF7A410089ED5A /* SDWebImageMapKit */,
			);
			productName = GardenGuruXcode;
			productReference = 8EB683392D311C110091572C /* GardenGuruXcode.app */;
			productType = "com.apple.product-type.application";
		};
/* End PBXNativeTarget section */

/* Begin PBXProject section */
		8EB683312D311C110091572C /* Project object */ = {
			isa = PBXProject;
			attributes = {
				BuildIndependentTargetsInParallel = 1;
				LastSwiftUpdateCheck = 1620;
				LastUpgradeCheck = 1620;
				TargetAttributes = {
					8EB683382D311C110091572C = {
						CreatedOnToolsVersion = 16.2;
					};
				};
			};
			buildConfigurationList = 8EB683342D311C110091572C /* Build configuration list for PBXProject "GardenGuruXcode" */;
			developmentRegion = en;
			hasScannedForEncodings = 0;
			knownRegions = (
				en,
				Base,
			);
			mainGroup = 8EB683302D311C110091572C;
			minimizedProjectReferenceProxies = 1;
			packageReferences = (
				8E5A16802D6D8FAD00B10410 /* XCRemoteSwiftPackageReference "generative-ai-swift" */,
				DBE902852D7602620083691A /* XCRemoteSwiftPackageReference "supabase-swift" */,
				8EC1D9FA2DBF7A410089ED5A /* XCRemoteSwiftPackageReference "SDWebImage" */,
			);
			preferredProjectObjectVersion = 77;
			productRefGroup = 8EB6833A2D311C110091572C /* Products */;
			projectDirPath = "";
			projectRoot = "";
			targets = (
				8EB683382D311C110091572C /* GardenGuruXcode */,
			);
		};
/* End PBXProject section */

/* Begin PBXResourcesBuildPhase section */
		8EB683372D311C110091572C /* Resources */ = {
			isa = PBXResourcesBuildPhase;
			buildActionMask = 2147483647;
			files = (
			);
			runOnlyForDeploymentPostprocessing = 0;
		};
/* End PBXResourcesBuildPhase section */

/* Begin PBXSourcesBuildPhase section */
		8EB683352D311C110091572C /* Sources */ = {
			isa = PBXSourcesBuildPhase;
			buildActionMask = 2147483647;
			files = (
			);
			runOnlyForDeploymentPostprocessing = 0;
		};
/* End PBXSourcesBuildPhase section */

/* Begin XCBuildConfiguration section */
		8EB6834D2D311C120091572C /* Debug */ = {
			isa = XCBuildConfiguration;
			buildSettings = {
				ASSETCATALOG_COMPILER_APPICON_NAME = AppIcon;
				ASSETCATALOG_COMPILER_GLOBAL_ACCENT_COLOR_NAME = AccentColor;
				CODE_SIGN_ENTITLEMENTS = GardenGuruXcode/GardenGuruXcode.entitlements;
				CODE_SIGN_STYLE = Automatic;
				CURRENT_PROJECT_VERSION = 1;
				DEVELOPMENT_TEAM = 2TWN3DD56C;
				GENERATE_INFOPLIST_FILE = YES;
				INFOPLIST_FILE = GardenGuruXcode/Info.plist;
				INFOPLIST_KEY_NSCameraUsageDescription = "Garden Guru wants to access camera for diagnosing plant ";
				INFOPLIST_KEY_NSLocationAlwaysAndWhenInUseUsageDescription = "We need your location to show weather-appropriate plants for your area.";
				INFOPLIST_KEY_NSLocationWhenInUseUsageDescription = "We need your location to show weather-appropriate plants for your area.";
				INFOPLIST_KEY_UIApplicationSupportsIndirectInputEvents = YES;
				INFOPLIST_KEY_UILaunchStoryboardName = splashScreen.storyboard;
				INFOPLIST_KEY_UIMainStoryboardFile = Main;
				INFOPLIST_KEY_UISupportedInterfaceOrientations_iPad = "UIInterfaceOrientationPortrait UIInterfaceOrientationPortraitUpsideDown UIInterfaceOrientationLandscapeLeft UIInterfaceOrientationLandscapeRight";
				INFOPLIST_KEY_UISupportedInterfaceOrientations_iPhone = "UIInterfaceOrientationPortrait UIInterfaceOrientationLandscapeLeft UIInterfaceOrientationLandscapeRight";
				IPHONEOS_DEPLOYMENT_TARGET = 16.6;
				LD_RUNPATH_SEARCH_PATHS = (
					"$(inherited)",
					"@executable_path/Frameworks",
				);
				MARKETING_VERSION = 1.0;
				PRODUCT_BUNDLE_IDENTIFIER = com.gardenguru11111;
				PRODUCT_NAME = "$(TARGET_NAME)";
				SUPPORTED_PLATFORMS = "iphoneos iphonesimulator";
				SUPPORTS_MACCATALYST = NO;
				SWIFT_EMIT_LOC_STRINGS = YES;
				SWIFT_VERSION = 5.0;
				TARGETED_DEVICE_FAMILY = 1;
			};
			name = Debug;
		};
		8EB6834E2D311C120091572C /* Release */ = {
			isa = XCBuildConfiguration;
			buildSettings = {
				ASSETCATALOG_COMPILER_APPICON_NAME = AppIcon;
				ASSETCATALOG_COMPILER_GLOBAL_ACCENT_COLOR_NAME = AccentColor;
				CODE_SIGN_ENTITLEMENTS = GardenGuruXcode/GardenGuruXcode.entitlements;
				CODE_SIGN_STYLE = Automatic;
				CURRENT_PROJECT_VERSION = 1;
				DEVELOPMENT_TEAM = 2TWN3DD56C;
				GENERATE_INFOPLIST_FILE = YES;
				INFOPLIST_FILE = GardenGuruXcode/Info.plist;
				INFOPLIST_KEY_NSCameraUsageDescription = "Garden Guru wants to access camera for diagnosing plant ";
				INFOPLIST_KEY_NSLocationAlwaysAndWhenInUseUsageDescription = "We need your location to show weather-appropriate plants for your area.";
				INFOPLIST_KEY_NSLocationWhenInUseUsageDescription = "We need your location to show weather-appropriate plants for your area.";
				INFOPLIST_KEY_UIApplicationSupportsIndirectInputEvents = YES;
				INFOPLIST_KEY_UILaunchStoryboardName = splashScreen.storyboard;
				INFOPLIST_KEY_UIMainStoryboardFile = Main;
				INFOPLIST_KEY_UISupportedInterfaceOrientations_iPad = "UIInterfaceOrientationPortrait UIInterfaceOrientationPortraitUpsideDown UIInterfaceOrientationLandscapeLeft UIInterfaceOrientationLandscapeRight";
				INFOPLIST_KEY_UISupportedInterfaceOrientations_iPhone = "UIInterfaceOrientationPortrait UIInterfaceOrientationLandscapeLeft UIInterfaceOrientationLandscapeRight";
				IPHONEOS_DEPLOYMENT_TARGET = 16.6;
				LD_RUNPATH_SEARCH_PATHS = (
					"$(inherited)",
					"@executable_path/Frameworks",
				);
				MARKETING_VERSION = 1.0;
				PRODUCT_BUNDLE_IDENTIFIER = com.gardenguru11111;
				PRODUCT_NAME = "$(TARGET_NAME)";
				SUPPORTED_PLATFORMS = "iphoneos iphonesimulator";
				SUPPORTS_MACCATALYST = NO;
				SWIFT_EMIT_LOC_STRINGS = YES;
				SWIFT_VERSION = 5.0;
				TARGETED_DEVICE_FAMILY = 1;
			};
			name = Release;
		};
		8EB6834F2D311C120091572C /* Debug */ = {
			isa = XCBuildConfiguration;
			buildSettings = {
				ALWAYS_SEARCH_USER_PATHS = NO;
				ASSETCATALOG_COMPILER_GENERATE_SWIFT_ASSET_SYMBOL_EXTENSIONS = YES;
				CLANG_ANALYZER_NONNULL = YES;
				CLANG_ANALYZER_NUMBER_OBJECT_CONVERSION = YES_AGGRESSIVE;
				CLANG_CXX_LANGUAGE_STANDARD = "gnu++20";
				CLANG_ENABLE_MODULES = YES;
				CLANG_ENABLE_OBJC_ARC = YES;
				CLANG_ENABLE_OBJC_WEAK = YES;
				CLANG_WARN_BLOCK_CAPTURE_AUTORELEASING = YES;
				CLANG_WARN_BOOL_CONVERSION = YES;
				CLANG_WARN_COMMA = YES;
				CLANG_WARN_CONSTANT_CONVERSION = YES;
				CLANG_WARN_DEPRECATED_OBJC_IMPLEMENTATIONS = YES;
				CLANG_WARN_DIRECT_OBJC_ISA_USAGE = YES_ERROR;
				CLANG_WARN_DOCUMENTATION_COMMENTS = YES;
				CLANG_WARN_EMPTY_BODY = YES;
				CLANG_WARN_ENUM_CONVERSION = YES;
				CLANG_WARN_INFINITE_RECURSION = YES;
				CLANG_WARN_INT_CONVERSION = YES;
				CLANG_WARN_NON_LITERAL_NULL_CONVERSION = YES;
				CLANG_WARN_OBJC_IMPLICIT_RETAIN_SELF = YES;
				CLANG_WARN_OBJC_LITERAL_CONVERSION = YES;
				CLANG_WARN_OBJC_ROOT_CLASS = YES_ERROR;
				CLANG_WARN_QUOTED_INCLUDE_IN_FRAMEWORK_HEADER = YES;
				CLANG_WARN_RANGE_LOOP_ANALYSIS = YES;
				CLANG_WARN_STRICT_PROTOTYPES = YES;
				CLANG_WARN_SUSPICIOUS_MOVE = YES;
				CLANG_WARN_UNGUARDED_AVAILABILITY = YES_AGGRESSIVE;
				CLANG_WARN_UNREACHABLE_CODE = YES;
				CLANG_WARN__DUPLICATE_METHOD_MATCH = YES;
				COPY_PHASE_STRIP = NO;
				DEBUG_INFORMATION_FORMAT = dwarf;
				ENABLE_STRICT_OBJC_MSGSEND = YES;
				ENABLE_TESTABILITY = YES;
				ENABLE_USER_SCRIPT_SANDBOXING = YES;
				GCC_C_LANGUAGE_STANDARD = gnu17;
				GCC_DYNAMIC_NO_PIC = NO;
				GCC_NO_COMMON_BLOCKS = YES;
				GCC_OPTIMIZATION_LEVEL = 0;
				GCC_PREPROCESSOR_DEFINITIONS = (
					"DEBUG=1",
					"$(inherited)",
				);
				GCC_WARN_64_TO_32_BIT_CONVERSION = YES;
				GCC_WARN_ABOUT_RETURN_TYPE = YES_ERROR;
				GCC_WARN_UNDECLARED_SELECTOR = YES;
				GCC_WARN_UNINITIALIZED_AUTOS = YES_AGGRESSIVE;
				GCC_WARN_UNUSED_FUNCTION = YES;
				GCC_WARN_UNUSED_VARIABLE = YES;
				IPHONEOS_DEPLOYMENT_TARGET = 18.2;
				LOCALIZATION_PREFERS_STRING_CATALOGS = YES;
				MTL_ENABLE_DEBUG_INFO = INCLUDE_SOURCE;
				MTL_FAST_MATH = YES;
				ONLY_ACTIVE_ARCH = YES;
				SDKROOT = iphoneos;
				SWIFT_ACTIVE_COMPILATION_CONDITIONS = "DEBUG $(inherited)";
				SWIFT_OPTIMIZATION_LEVEL = "-Onone";
			};
			name = Debug;
		};
		8EB683502D311C120091572C /* Release */ = {
			isa = XCBuildConfiguration;
			buildSettings = {
				ALWAYS_SEARCH_USER_PATHS = NO;
				ASSETCATALOG_COMPILER_GENERATE_SWIFT_ASSET_SYMBOL_EXTENSIONS = YES;
				CLANG_ANALYZER_NONNULL = YES;
				CLANG_ANALYZER_NUMBER_OBJECT_CONVERSION = YES_AGGRESSIVE;
				CLANG_CXX_LANGUAGE_STANDARD = "gnu++20";
				CLANG_ENABLE_MODULES = YES;
				CLANG_ENABLE_OBJC_ARC = YES;
				CLANG_ENABLE_OBJC_WEAK = YES;
				CLANG_WARN_BLOCK_CAPTURE_AUTORELEASING = YES;
				CLANG_WARN_BOOL_CONVERSION = YES;
				CLANG_WARN_COMMA = YES;
				CLANG_WARN_CONSTANT_CONVERSION = YES;
				CLANG_WARN_DEPRECATED_OBJC_IMPLEMENTATIONS = YES;
				CLANG_WARN_DIRECT_OBJC_ISA_USAGE = YES_ERROR;
				CLANG_WARN_DOCUMENTATION_COMMENTS = YES;
				CLANG_WARN_EMPTY_BODY = YES;
				CLANG_WARN_ENUM_CONVERSION = YES;
				CLANG_WARN_INFINITE_RECURSION = YES;
				CLANG_WARN_INT_CONVERSION = YES;
				CLANG_WARN_NON_LITERAL_NULL_CONVERSION = YES;
				CLANG_WARN_OBJC_IMPLICIT_RETAIN_SELF = YES;
				CLANG_WARN_OBJC_LITERAL_CONVERSION = YES;
				CLANG_WARN_OBJC_ROOT_CLASS = YES_ERROR;
				CLANG_WARN_QUOTED_INCLUDE_IN_FRAMEWORK_HEADER = YES;
				CLANG_WARN_RANGE_LOOP_ANALYSIS = YES;
				CLANG_WARN_STRICT_PROTOTYPES = YES;
				CLANG_WARN_SUSPICIOUS_MOVE = YES;
				CLANG_WARN_UNGUARDED_AVAILABILITY = YES_AGGRESSIVE;
				CLANG_WARN_UNREACHABLE_CODE = YES;
				CLANG_WARN__DUPLICATE_METHOD_MATCH = YES;
				COPY_PHASE_STRIP = NO;
				DEBUG_INFORMATION_FORMAT = "dwarf-with-dsym";
				ENABLE_NS_ASSERTIONS = NO;
				ENABLE_STRICT_OBJC_MSGSEND = YES;
				ENABLE_USER_SCRIPT_SANDBOXING = YES;
				GCC_C_LANGUAGE_STANDARD = gnu17;
				GCC_NO_COMMON_BLOCKS = YES;
				GCC_WARN_64_TO_32_BIT_CONVERSION = YES;
				GCC_WARN_ABOUT_RETURN_TYPE = YES_ERROR;
				GCC_WARN_UNDECLARED_SELECTOR = YES;
				GCC_WARN_UNINITIALIZED_AUTOS = YES_AGGRESSIVE;
				GCC_WARN_UNUSED_FUNCTION = YES;
				GCC_WARN_UNUSED_VARIABLE = YES;
				IPHONEOS_DEPLOYMENT_TARGET = 18.2;
				LOCALIZATION_PREFERS_STRING_CATALOGS = YES;
				MTL_ENABLE_DEBUG_INFO = NO;
				MTL_FAST_MATH = YES;
				SDKROOT = iphoneos;
				SWIFT_COMPILATION_MODE = wholemodule;
				VALIDATE_PRODUCT = YES;
			};
			name = Release;
		};
/* End XCBuildConfiguration section */

/* Begin XCConfigurationList section */
		8EB683342D311C110091572C /* Build configuration list for PBXProject "GardenGuruXcode" */ = {
			isa = XCConfigurationList;
			buildConfigurations = (
				8EB6834F2D311C120091572C /* Debug */,
				8EB683502D311C120091572C /* Release */,
			);
			defaultConfigurationIsVisible = 0;
			defaultConfigurationName = Release;
		};
		8EB6834C2D311C120091572C /* Build configuration list for PBXNativeTarget "GardenGuruXcode" */ = {
			isa = XCConfigurationList;
			buildConfigurations = (
				8EB6834D2D311C120091572C /* Debug */,
				8EB6834E2D311C120091572C /* Release */,
			);
			defaultConfigurationIsVisible = 0;
			defaultConfigurationName = Release;
		};
/* End XCConfigurationList section */

/* Begin XCRemoteSwiftPackageReference section */
		8E5A16802D6D8FAD00B10410 /* XCRemoteSwiftPackageReference "generative-ai-swift" */ = {
			isa = XCRemoteSwiftPackageReference;
			repositoryURL = "https://github.com/google/generative-ai-swift";
			requirement = {
				kind = upToNextMajorVersion;
				minimumVersion = 0.5.6;
			};
		};
		8EC1D9FA2DBF7A410089ED5A /* XCRemoteSwiftPackageReference "SDWebImage" */ = {
			isa = XCRemoteSwiftPackageReference;
			repositoryURL = "https://github.com/SDWebImage/SDWebImage";
			requirement = {
				kind = upToNextMajorVersion;
				minimumVersion = 5.21.0;
			};
		};
		DBE902852D7602620083691A /* XCRemoteSwiftPackageReference "supabase-swift" */ = {
			isa = XCRemoteSwiftPackageReference;
			repositoryURL = "https://github.com/supabase/supabase-swift.git";
			requirement = {
				kind = upToNextMajorVersion;
				minimumVersion = 2.5.1;
			};
		};
/* End XCRemoteSwiftPackageReference section */

/* Begin XCSwiftPackageProductDependency section */
		8E5A16812D6D8FAD00B10410 /* GoogleGenerativeAI */ = {
			isa = XCSwiftPackageProductDependency;
			package = 8E5A16802D6D8FAD00B10410 /* XCRemoteSwiftPackageReference "generative-ai-swift" */;
			productName = GoogleGenerativeAI;
		};
		8EC1D9FB2DBF7A410089ED5A /* SDWebImage */ = {
			isa = XCSwiftPackageProductDependency;
			package = 8EC1D9FA2DBF7A410089ED5A /* XCRemoteSwiftPackageReference "SDWebImage" */;
			productName = SDWebImage;
		};
		8EC1D9FD2DBF7A410089ED5A /* SDWebImageMapKit */ = {
			isa = XCSwiftPackageProductDependency;
			package = 8EC1D9FA2DBF7A410089ED5A /* XCRemoteSwiftPackageReference "SDWebImage" */;
			productName = SDWebImageMapKit;
		};
		DBE902862D7602620083691A /* Auth */ = {
			isa = XCSwiftPackageProductDependency;
			package = DBE902852D7602620083691A /* XCRemoteSwiftPackageReference "supabase-swift" */;
			productName = Auth;
		};
		DBE902882D7602620083691A /* Functions */ = {
			isa = XCSwiftPackageProductDependency;
			package = DBE902852D7602620083691A /* XCRemoteSwiftPackageReference "supabase-swift" */;
			productName = Functions;
		};
		DBE9028A2D7602620083691A /* PostgREST */ = {
			isa = XCSwiftPackageProductDependency;
			package = DBE902852D7602620083691A /* XCRemoteSwiftPackageReference "supabase-swift" */;
			productName = PostgREST;
		};
		DBE9028C2D7602620083691A /* Realtime */ = {
			isa = XCSwiftPackageProductDependency;
			package = DBE902852D7602620083691A /* XCRemoteSwiftPackageReference "supabase-swift" */;
			productName = Realtime;
		};
		DBE9028E2D7602620083691A /* Storage */ = {
			isa = XCSwiftPackageProductDependency;
			package = DBE902852D7602620083691A /* XCRemoteSwiftPackageReference "supabase-swift" */;
			productName = Storage;
		};
		DBE902912D7602750083691A /* Supabase */ = {
			isa = XCSwiftPackageProductDependency;
			package = DBE902852D7602620083691A /* XCRemoteSwiftPackageReference "supabase-swift" */;
			productName = Supabase;
		};
/* End XCSwiftPackageProductDependency section */
	};
	rootObject = 8EB683312D311C110091572C /* Project object */;
}
